{
  "name": "low-finding-default-yml",
  "version": "1.0.0",
  "lockfileVersion": 2,
  "requires": true,
  "packages": {
    "": {
      "name": "low-finding-default-yml",
      "version": "1.0.0",
      "dependencies": {
        "debug": "4.0.0"
      }
    },
    "node_modules/debug": {
      "version": "4.0.0"
    }
  }
}
