{
  "name": "md-suggest-fallback",
  "version": "1.0.0",
  "lockfileVersion": 2,
  "requires": true,
  "packages": {
    "": { "name": "md-suggest-fallback", "version": "1.0.0", "dependencies": { "node-serialize": "0.0.4" } },
    "node_modules/node-serialize": { "version": "0.0.4", "resolved": "https://registry.npmjs.org/node-serialize/-/node-serialize-0.0.4.tgz", "integrity": "sha512-Nfm7slhNe5sMFW1zKt7RFmVcuvFohlODqN3YRPicFdqKTaLVHnwXpqaYBGH5Xwg4nLGFKzmPCDAnJx5KqEbA==" }
  }
}
