# This file is automatically @generated by Poetry and should not be changed by hand.

[[package]]
name = "urllib3"
version = "1.26.4"
description = "HTTP library with thread-safe connection pooling, file post, and more."
optional = false
python-versions = ">=2.7, !=3.0.*, !=3.1.*, !=3.2.*, !=3.3.*, !=3.4.*, <4"
files = []

[metadata]
lock-version = "2.0"
python-versions = "^3.8"
content-hash = "abc123def456"
