{
  "name": "md-suggest-osv-fix",
  "version": "1.0.0",
  "lockfileVersion": 2,
  "requires": true,
  "packages": {
    "": { "name": "md-suggest-osv-fix", "version": "1.0.0", "dependencies": { "word-wrap": "1.2.3" } },
    "node_modules/word-wrap": { "version": "1.2.3", "resolved": "https://registry.npmjs.org/word-wrap/-/word-wrap-1.2.3.tgz", "integrity": "sha512-Hz/mrNwitNRh/HUAtM/VT/5VH+ygD6DV7b3d4UsmxLBRmT8JexntQjNiSbn1DsCg5TKXzgbNPg0jJgTyEyA==" }
  }
}
