{
  "name": "medium-finding-npm",
  "version": "1.0.0",
  "lockfileVersion": 2,
  "requires": true,
  "packages": {
    "": {
      "name": "medium-finding-npm",
      "version": "1.0.0",
      "dependencies": {
        "yargs-parser": "13.0.0"
      }
    },
    "node_modules/yargs-parser": {
      "version": "13.0.0"
    }
  }
}
