{
  "name": "json-upgrade-unavailable",
  "version": "1.0.0",
  "lockfileVersion": 2,
  "requires": true,
  "packages": {
    "": {
      "name": "json-upgrade-unavailable",
      "version": "1.0.0",
      "dependencies": {
        "flatmap-stream": "0.1.1"
      }
    },
    "node_modules/flatmap-stream": {
      "version": "0.1.1",
      "resolved": "https://registry.npmjs.org/flatmap-stream/-/flatmap-stream-0.1.1.tgz",
      "integrity": "sha1-SdM2vYi4m4wTUzPlSOMTbNb9bPg="
    }
  }
}
