# This file is automatically @generated by Cargo.
# It is not intended for manual editing.
version = 3

[[package]]
name = "openssl"
version = "0.10.48"
source = "registry+https://github.com/rust-lang/crates.io-index"
checksum = "518915b97b8e70f3b0e37b7de94c1e877c50a0a52c5a0e57c7fcda4cd3aeb95c"

[[package]]
name = "vulnerable-cargo"
version = "0.1.0"
dependencies = [
 "openssl",
]
