{"name":"PLACEHOLDER","version":"1.0.0","lockfileVersion":2,"requires":true,"packages":{"":{"name":"PLACEHOLDER","version":"1.0.0","dependencies":{"semver":"7.5.4"}},"node_modules/semver":{"version":"7.5.4","resolved":"https://registry.npmjs.org/semver/-/semver-7.5.4.tgz","integrity":"sha512-1S0X8CqpCQFiQ2yBiLuMxLgFSzMbJyNZ9vQvB7fGGMdPM/oT2WKRn3VQn0FEpnFMpZhOr4FbMHFejSzNWcGA=="}}}
